{
  "name": "sashvara-backend",
  "version": "1.0.0",
  "lockfileVersion": 3,
  "requires": true,
  "packages": {
    "": {
      "name": "sashvara-backend",
      "version": "1.0.0",
      "dependencies": {
        "cloudinary": "^1.41.3",
        "cors": "^2.8.5",
        "dotenv": "^17.2.1",
        "express": "^4.18.2",
        "mongoose": "^8.18.0",
        "multer": "^2.0.2",
        "multer-storage-cloudinary": "^4.0.0",
        "razorpay": "^2.9.6",
        "slugify": "^1.6.6"
      },
      "devDependencies": {
        "nodemon": "^3.1.10"
      }
    }
  },
  "dependencies": {
    "cloudinary": {
      "version": "1.41.3"
    },
    "cors": {
      "version": "2.8.5"
    },
    "dotenv": {
      "version": "17.2.1"
    },
    "express": {
      "version": "4.18.2"
    },
    "mongoose": {
      "version": "8.18.0"
    },
    "multer": {
      "version": "2.0.2"
    },
    "multer-storage-cloudinary": {
      "version": "4.0.0"
    },
    "razorpay": {
      "version": "2.9.6"
    },
    "slugify": {
      "version": "1.6.6"
    }
  },
  "devDependencies": {
    "nodemon": {
      "version": "3.1.10"
    }
  }
}